// !$*UTF8*$!
{
	archiveVersion = 1;
	classes = {
	};
	objectVersion = 48;
	objects = {

/* Begin PBXBuildFile section */
		AB10F4501F8D7BE300DCDBB2 /* AppDelegate.swift in Sources */ = {isa = PBXBuildFile; fileRef = AB10F44F1F8D7BE300DCDBB2 /* AppDelegate.swift */; };
		AB10F4521F8D7BE300DCDBB2 /* ViewController.swift in Sources */ = {isa = PBXBuildFile; fileRef = AB10F4511F8D7BE300DCDBB2 /* ViewController.swift */; };
		AB10F4551F8D7BE300DCDBB2 /* Main.storyboard in Resources */ = {isa = PBXBuildFile; fileRef = AB10F4531F8D7BE300DCDBB2 /* Main.storyboard */; };
		AB10F4571F8D7BE300DCDBB2 /* Assets.xcassets in Resources */ = {isa = PBXBuildFile; fileRef = AB10F4561F8D7BE300DCDBB2 /* Assets.xcassets */; };
		AB10F45A1F8D7BE300DCDBB2 /* LaunchScreen.storyboard in Resources */ = {isa = PBXBuildFile; fileRef = AB10F4581F8D7BE300DCDBB2 /* LaunchScreen.storyboard */; };
/* End PBXBuildFile section */

/* Begin PBXFileReference section */
		AB10F44C1F8D7BE300DCDBB2 /* mockup.app */ = {isa = PBXFileReference; explicitFileType = wrapper.application; includeInIndex = 0; path = mockup.app; sourceTree = BUILT_PRODUCTS_DIR; };
		AB10F44F1F8D7BE300DCDBB2 /* AppDelegate.swift */ = {isa = PBXFileReference; lastKnownFileType = sourcecode.swift; path = AppDelegate.swift; sourceTree = "<group>"; };
		AB10F4511F8D7BE300DCDBB2 /* ViewController.swift */ = {isa = PBXFileReference; lastKnownFileType = sourcecode.swift; path = ViewController.swift; sourceTree = "<group>"; };
		AB10F4541F8D7BE300DCDBB2 /* Base */ = {isa = PBXFileReference; lastKnownFileType = file.storyboard; name = Base; path = Base.lproj/Main.storyboard; sourceTree = "<group>"; };
		AB10F4561F8D7BE300DCDBB2 /* Assets.xcassets */ = {isa = PBXFileReference; lastKnownFileType = folder.assetcatalog; path = Assets.xcassets; sourceTree = "<group>"; };
		AB10F4591F8D7BE300DCDBB2 /* Base */ = {isa = PBXFileReference; lastKnownFileType = file.storyboard; name = Base; path = Base.lproj/LaunchScreen.storyboard; sourceTree = "<group>"; };
		AB10F45B1F8D7BE300DCDBB2 /* Info.plist */ = {isa = PBXFileReference; lastKnownFileType = text.plist.xml; path = Info.plist; sourceTree = "<group>"; };
/* End PBXFileReference section */

/* Begin PBXFrameworksBuildPhase section */
		AB10F4491F8D7BE300DCDBB2 /* Frameworks */ = {
			isa = PBXFrameworksBuildPhase;
			buildActionMask = 2147483647;
			files = (
			);
			runOnlyForDeploymentPostprocessing = 0;
		};
/* End PBXFrameworksBuildPhase section */

/* Begin PBXGroup section */
		AB10F4431F8D7BE300DCDBB2 = {
			isa = PBXGroup;
			children = (
				AB10F44E1F8D7BE300DCDBB2 /* mockup */,
				AB10F44D1F8D7BE300DCDBB2 /* Products */,
			);
			sourceTree = "<group>";
		};
		AB10F44D1F8D7BE300DCDBB2 /* Products */ = {
			isa = PBXGroup;
			children = (
				AB10F44C1F8D7BE300DCDBB2 /* mockup.app */,
			);
			name = Products;
			sourceTree = "<group>";
		};
		AB10F44E1F8D7BE300DCDBB2 /* mockup */ = {
			isa = PBXGroup;
			children = (
				AB10F44F1F8D7BE300DCDBB2 /* AppDelegate.swift */,
				AB10F4511F8D7BE300DCDBB2 /* ViewController.swift */,
				AB10F4531F8D7BE300DCDBB2 /* Main.storyboard */,
				AB10F4561F8D7BE300DCDBB2 /* Assets.xcassets */,
				AB10F4581F8D7BE300DCDBB2 /* LaunchScreen.storyboard */,
				AB10F45B1F8D7BE300DCDBB2 /* Info.plist */,
			);
			path = mockup;
			sourceTree = "<group>";
		};
/* End PBXGroup section */

/* Begin PBXNativeTarget section */
		AB10F44B1F8D7BE300DCDBB2 /* mockup */ = {
			isa = PBXNativeTarget;
			buildConfigurationList = AB10F45E1F8D7BE300DCDBB2 /* Build configuration list for PBXNativeTarget "mockup" */;
			buildPhases = (
				AB10F4481F8D7BE300DCDBB2 /* Sources */,
				AB10F4491F8D7BE300DCDBB2 /* Frameworks */,
				AB10F44A1F8D7BE300DCDBB2 /* Resources */,
			);
			buildRules = (
			);
			dependencies = (
			);
			name = mockup;
			productName = mockup;
			productReference = AB10F44C1F8D7BE300DCDBB2 /* mockup.app */;
			productType = "com.apple.product-type.application";
		};
/* End PBXNativeTarget section */

/* Begin PBXProject section */
		AB10F4441F8D7BE300DCDBB2 /* Project object */ = {
			isa = PBXProject;
			attributes = {
				LastSwiftUpdateCheck = 0900;
				LastUpgradeCheck = 0900;
				ORGANIZATIONNAME = "Jonathan Kizer";
				TargetAttributes = {
					AB10F44B1F8D7BE300DCDBB2 = {
						CreatedOnToolsVersion = 9.0;
						ProvisioningStyle = Automatic;
					};
				};
			};
			buildConfigurationList = AB10F4471F8D7BE300DCDBB2 /* Build configuration list for PBXProject "mockup" */;
			compatibilityVersion = "Xcode 8.0";
			developmentRegion = en;
			hasScannedForEncodings = 0;
			knownRegions = (
				en,
				Base,
			);
			mainGroup = AB10F4431F8D7BE300DCDBB2;
			productRefGroup = AB10F44D1F8D7BE300DCDBB2 /* Products */;
			projectDirPath = "";
			projectRoot = "";
			targets = (
				AB10F44B1F8D7BE300DCDBB2 /* mockup */,
			);
		};
/* End PBXProject section */

/* Begin PBXResourcesBuildPhase section */
		AB10F44A1F8D7BE300DCDBB2 /* Resources */ = {
			isa = PBXResourcesBuildPhase;
			buildActionMask = 2147483647;
			files = (
				AB10F45A1F8D7BE300DCDBB2 /* LaunchScreen.storyboard in Resources */,
				AB10F4571F8D7BE300DCDBB2 /* Assets.xcassets in Resources */,
				AB10F4551F8D7BE300DCDBB2 /* Main.storyboard in Resources */,
			);
			runOnlyForDeploymentPostprocessing = 0;
		};
/* End PBXResourcesBuildPhase section */

/* Begin PBXSourcesBuildPhase section */
		AB10F4481F8D7BE300DCDBB2 /* Sources */ = {
			isa = PBXSourcesBuildPhase;
			buildActionMask = 2147483647;
			files = (
				AB10F4521F8D7BE300DCDBB2 /* ViewController.swift in Sources */,
				AB10F4501F8D7BE300DCDBB2 /* AppDelegate.swift in Sources */,
			);
			runOnlyForDeploymentPostprocessing = 0;
		};
/* End PBXSourcesBuildPhase section */

/* Begin PBXVariantGroup section */
		AB10F4531F8D7BE300DCDBB2 /* Main.storyboard */ = {
			isa = PBXVariantGroup;
			children = (
				AB10F4541F8D7BE300DCDBB2 /* Base */,
			);
			name = Main.storyboard;
			sourceTree = "<group>";
		};
		AB10F4581F8D7BE300DCDBB2 /* LaunchScreen.storyboard */ = {
			isa = PBXVariantGroup;
			children = (
				AB10F4591F8D7BE300DCDBB2 /* Base */,
			);
			name = LaunchScreen.storyboard;
			sourceTree = "<group>";
		};
/* End PBXVariantGroup section */

/* Begin XCBuildConfiguration section */
		AB10F45C1F8D7BE300DCDBB2 /* Debug */ = {
			isa = XCBuildConfiguration;
			buildSettings = {
				ALWAYS_SEARCH_USER_PATHS = NO;
				CLANG_ANALYZER_NONNULL = YES;
				CLANG_ANALYZER_NUMBER_OBJECT_CONVERSION = YES_AGGRESSIVE;
				CLANG_CXX_LANGUAGE_STANDARD = "gnu++14";
				CLANG_CXX_LIBRARY = "libc++";
				CLANG_ENABLE_MODULES = YES;
				CLANG_ENABLE_OBJC_ARC = YES;
				CLANG_WARN_BLOCK_CAPTURE_AUTORELEASING = YES;
				CLANG_WARN_BOOL_CONVERSION = YES;
				CLANG_WARN_COMMA = YES;
				CLANG_WARN_CONSTANT_CONVERSION = YES;
				CLANG_WARN_DIRECT_OBJC_ISA_USAGE = YES_ERROR;
				CLANG_WARN_DOCUMENTATION_COMMENTS = YES;
				CLANG_WARN_EMPTY_BODY = YES;
				CLANG_WARN_ENUM_CONVERSION = YES;
				CLANG_WARN_INFINITE_RECURSION = YES;
				CLANG_WARN_INT_CONVERSION = YES;
				CLANG_WARN_NON_LITERAL_NULL_CONVERSION = YES;
				CLANG_WARN_OBJC_LITERAL_CONVERSION = YES;
				CLANG_WARN_OBJC_ROOT_CLASS = YES_ERROR;
				CLANG_WARN_RANGE_LOOP_ANALYSIS = YES;
				CLANG_WARN_STRICT_PROTOTYPES = YES;
				CLANG_WARN_SUSPICIOUS_MOVE = YES;
				CLANG_WARN_UNGUARDED_AVAILABILITY = YES_AGGRESSIVE;
				CLANG_WARN_UNREACHABLE_CODE = YES;
				CLANG_WARN__DUPLICATE_METHOD_MATCH = YES;
				CODE_SIGN_IDENTITY = "iPhone Developer";
				COPY_PHASE_STRIP = NO;
				DEBUG_INFORMATION_FORMAT = dwarf;
				ENABLE_STRICT_OBJC_MSGSEND = YES;
				ENABLE_TESTABILITY = YES;
				GCC_C_LANGUAGE_STANDARD = gnu11;
				GCC_DYNAMIC_NO_PIC = NO;
				GCC_NO_COMMON_BLOCKS = YES;
				GCC_OPTIMIZATION_LEVEL = 0;
				GCC_PREPROCESSOR_DEFINITIONS = (
					"DEBUG=1",
					"$(inherited)",
				);
				GCC_WARN_64_TO_32_BIT_CONVERSION = YES;
				GCC_WARN_ABOUT_RETURN_TYPE = YES_ERROR;
				GCC_WARN_UNDECLARED_SELECTOR = YES;
				GCC_WARN_UNINITIALIZED_AUTOS = YES_AGGRESSIVE;
				GCC_WARN_UNUSED_FUNCTION = YES;
				GCC_WARN_UNUSED_VARIABLE = YES;
				IPHONEOS_DEPLOYMENT_TARGET = 11.0;
				MTL_ENABLE_DEBUG_INFO = YES;
				ONLY_ACTIVE_ARCH = YES;
				SDKROOT = iphoneos;
				SWIFT_ACTIVE_COMPILATION_CONDITIONS = DEBUG;
				SWIFT_OPTIMIZATION_LEVEL = "-Onone";
			};
			name = Debug;
		};
		AB10F45D1F8D7BE300DCDBB2 /* Release */ = {
			isa = XCBuildConfiguration;
			buildSettings = {
				ALWAYS_SEARCH_USER_PATHS = NO;
				CLANG_ANALYZER_NONNULL = YES;
				CLANG_ANALYZER_NUMBER_OBJECT_CONVERSION = YES_AGGRESSIVE;
				CLANG_CXX_LANGUAGE_STANDARD = "gnu++14";
				CLANG_CXX_LIBRARY = "libc++";
				CLANG_ENABLE_MODULES = YES;
				CLANG_ENABLE_OBJC_ARC = YES;
				CLANG_WARN_BLOCK_CAPTURE_AUTORELEASING = YES;
				CLANG_WARN_BOOL_CONVERSION = YES;
				CLANG_WARN_COMMA = YES;
				CLANG_WARN_CONSTANT_CONVERSION = YES;
				CLANG_WARN_DIRECT_OBJC_ISA_USAGE = YES_ERROR;
				CLANG_WARN_DOCUMENTATION_COMMENTS = YES;
				CLANG_WARN_EMPTY_BODY = YES;
				CLANG_WARN_ENUM_CONVERSION = YES;
				CLANG_WARN_INFINITE_RECURSION = YES;
				CLANG_WARN_INT_CONVERSION = YES;
				CLANG_WARN_NON_LITERAL_NULL_CONVERSION = YES;
				CLANG_WARN_OBJC_LITERAL_CONVERSION = YES;
				CLANG_WARN_OBJC_ROOT_CLASS = YES_ERROR;
				CLANG_WARN_RANGE_LOOP_ANALYSIS = YES;
				CLANG_WARN_STRICT_PROTOTYPES = YES;
				CLANG_WARN_SUSPICIOUS_MOVE = YES;
				CLANG_WARN_UNGUARDED_AVAILABILITY = YES_AGGRESSIVE;
				CLANG_WARN_UNREACHABLE_CODE = YES;
				CLANG_WARN__DUPLICATE_METHOD_MATCH = YES;
				CODE_SIGN_IDENTITY = "iPhone Developer";
				COPY_PHASE_STRIP = NO;
				DEBUG_INFORMATION_FORMAT = "dwarf-with-dsym";
				ENABLE_NS_ASSERTIONS = NO;
				ENABLE_STRICT_OBJC_MSGSEND = YES;
				GCC_C_LANGUAGE_STANDARD = gnu11;
				GCC_NO_COMMON_BLOCKS = YES;
				GCC_WARN_64_TO_32_BIT_CONVERSION = YES;
				GCC_WARN_ABOUT_RETURN_TYPE = YES_ERROR;
				GCC_WARN_UNDECLARED_SELECTOR = YES;
				GCC_WARN_UNINITIALIZED_AUTOS = YES_AGGRESSIVE;
				GCC_WARN_UNUSED_FUNCTION = YES;
				GCC_WARN_UNUSED_VARIABLE = YES;
				IPHONEOS_DEPLOYMENT_TARGET = 11.0;
				MTL_ENABLE_DEBUG_INFO = NO;
				SDKROOT = iphoneos;
				SWIFT_OPTIMIZATION_LEVEL = "-Owholemodule";
				VALIDATE_PRODUCT = YES;
			};
			name = Release;
		};
		AB10F45F1F8D7BE300DCDBB2 /* Debug */ = {
			isa = XCBuildConfiguration;
			buildSettings = {
				ASSETCATALOG_COMPILER_APPICON_NAME = AppIcon;
				CODE_SIGN_STYLE = Automatic;
				INFOPLIST_FILE = mockup/Info.plist;
				LD_RUNPATH_SEARCH_PATHS = "$(inherited) @executable_path/Frameworks";
				PRODUCT_BUNDLE_IDENTIFIER = csUTAustin.mockup;
				PRODUCT_NAME = "$(TARGET_NAME)";
				SWIFT_VERSION = 4.0;
				TARGETED_DEVICE_FAMILY = "1,2";
			};
			name = Debug;
		};
		AB10F4601F8D7BE300DCDBB2 /* Release */ = {
			isa = XCBuildConfiguration;
			buildSettings = {
				ASSETCATALOG_COMPILER_APPICON_NAME = AppIcon;
				CODE_SIGN_STYLE = Automatic;
				INFOPLIST_FILE = mockup/Info.plist;
				LD_RUNPATH_SEARCH_PATHS = "$(inherited) @executable_path/Frameworks";
				PRODUCT_BUNDLE_IDENTIFIER = csUTAustin.mockup;
				PRODUCT_NAME = "$(TARGET_NAME)";
				SWIFT_VERSION = 4.0;
				TARGETED_DEVICE_FAMILY = "1,2";
			};
			name = Release;
		};
/* End XCBuildConfiguration section */

/* Begin XCConfigurationList section */
		AB10F4471F8D7BE300DCDBB2 /* Build configuration list for PBXProject "mockup" */ = {
			isa = XCConfigurationList;
			buildConfigurations = (
				AB10F45C1F8D7BE300DCDBB2 /* Debug */,
				AB10F45D1F8D7BE300DCDBB2 /* Release */,
			);
			defaultConfigurationIsVisible = 0;
			defaultConfigurationName = Release;
		};
		AB10F45E1F8D7BE300DCDBB2 /* Build configuration list for PBXNativeTarget "mockup" */ = {
			isa = XCConfigurationList;
			buildConfigurations = (
				AB10F45F1F8D7BE300DCDBB2 /* Debug */,
				AB10F4601F8D7BE300DCDBB2 /* Release */,
			);
			defaultConfigurationIsVisible = 0;
			defaultConfigurationName = Release;
		};
/* End XCConfigurationList section */
	};
	rootObject = AB10F4441F8D7BE300DCDBB2 /* Project object */;
}
