// !$*UTF8*$!
{
	archiveVersion = 1;
	classes = {
	};
	objectVersion = 48;
	objects = {

/* Begin PBXBuildFile section */
		45340E6D1FA8C57400AE36CA /* LoginViewController.swift in Sources */ = {isa = PBXBuildFile; fileRef = 45340E6C1FA8C57400AE36CA /* LoginViewController.swift */; };
		7C9C2904882579358DB85DD3 /* Pods_CryptoTrack.framework in Frameworks */ = {isa = PBXBuildFile; fileRef = 287B7FA0748D713656D69C70 /* Pods_CryptoTrack.framework */; };
		AB47F7B11FB638E600EAAD02 /* topPerformerTableViewCell.swift in Sources */ = {isa = PBXBuildFile; fileRef = AB47F7B01FB638E600EAAD02 /* topPerformerTableViewCell.swift */; };
		AB47F7FB1FB8E90500EAAD02 /* createUserViewController.swift in Sources */ = {isa = PBXBuildFile; fileRef = AB47F7FA1FB8E90500EAAD02 /* createUserViewController.swift */; };
		AB49BBE01F9F9FCC00BF2483 /* AppDelegate.swift in Sources */ = {isa = PBXBuildFile; fileRef = AB49BBDF1F9F9FCC00BF2483 /* AppDelegate.swift */; };
		AB49BBE51F9F9FCC00BF2483 /* Main.storyboard in Resources */ = {isa = PBXBuildFile; fileRef = AB49BBE31F9F9FCC00BF2483 /* Main.storyboard */; };
		AB49BBEA1F9F9FCC00BF2483 /* Assets.xcassets in Resources */ = {isa = PBXBuildFile; fileRef = AB49BBE91F9F9FCC00BF2483 /* Assets.xcassets */; };
		AB49BBED1F9F9FCC00BF2483 /* LaunchScreen.storyboard in Resources */ = {isa = PBXBuildFile; fileRef = AB49BBEB1F9F9FCC00BF2483 /* LaunchScreen.storyboard */; };
		AB584E3F1FCC8F63001A89FA /* SettingsViewController.swift in Sources */ = {isa = PBXBuildFile; fileRef = AB584E3E1FCC8F63001A89FA /* SettingsViewController.swift */; };
		AB584E451FCCA8F6001A89FA /* QuickCryptoTableViewController.swift in Sources */ = {isa = PBXBuildFile; fileRef = AB584E441FCCA8F6001A89FA /* QuickCryptoTableViewController.swift */; };
		AB6E8E961FCDDC6A00A3B88E /* userCoin.swift in Sources */ = {isa = PBXBuildFile; fileRef = AB6E8E951FCDDC6A00A3B88E /* userCoin.swift */; };
		AB6E8E981FCDEAFA00A3B88E /* GoogleService-Info.plist in Resources */ = {isa = PBXBuildFile; fileRef = AB6E8E971FCDEAFA00A3B88E /* GoogleService-Info.plist */; };
		AB6E8E9A1FCDF30700A3B88E /* DataStore.swift in Sources */ = {isa = PBXBuildFile; fileRef = AB6E8E991FCDF30700A3B88E /* DataStore.swift */; };
		AB7E00A11FB8F29600C2EE3D /* userTableViewController.swift in Sources */ = {isa = PBXBuildFile; fileRef = AB7E00A01FB8F29600C2EE3D /* userTableViewController.swift */; };
		AB8A3D5E1FB0D51400AC6D3D /* CryptoCurrencyViewController.swift in Sources */ = {isa = PBXBuildFile; fileRef = AB8A3D5D1FB0D51400AC6D3D /* CryptoCurrencyViewController.swift */; };
		AB8A3D601FB0DD0E00AC6D3D /* formatCurrency.swift in Sources */ = {isa = PBXBuildFile; fileRef = AB8A3D5F1FB0DD0E00AC6D3D /* formatCurrency.swift */; };
		AB99B0AB1FCE5C4000BD0EFD /* cryptoValueTableViewCell.swift in Sources */ = {isa = PBXBuildFile; fileRef = AB99B0AA1FCE5C4000BD0EFD /* cryptoValueTableViewCell.swift */; };
		ABBF7B111FA7A03100190A15 /* CryptoTableViewController.swift in Sources */ = {isa = PBXBuildFile; fileRef = ABBF7B101FA7A03100190A15 /* CryptoTableViewController.swift */; };
		ABFD3F541FA7ADB200FB51C0 /* CryptoTableViewCell.swift in Sources */ = {isa = PBXBuildFile; fileRef = ABFD3F531FA7ADB200FB51C0 /* CryptoTableViewCell.swift */; };
/* End PBXBuildFile section */

/* Begin PBXFileReference section */
		287B7FA0748D713656D69C70 /* Pods_CryptoTrack.framework */ = {isa = PBXFileReference; explicitFileType = wrapper.framework; includeInIndex = 0; path = Pods_CryptoTrack.framework; sourceTree = BUILT_PRODUCTS_DIR; };
		45340E6C1FA8C57400AE36CA /* LoginViewController.swift */ = {isa = PBXFileReference; lastKnownFileType = sourcecode.swift; path = LoginViewController.swift; sourceTree = "<group>"; };
		AB47F7B01FB638E600EAAD02 /* topPerformerTableViewCell.swift */ = {isa = PBXFileReference; lastKnownFileType = sourcecode.swift; path = topPerformerTableViewCell.swift; sourceTree = "<group>"; };
		AB47F7FA1FB8E90500EAAD02 /* createUserViewController.swift */ = {isa = PBXFileReference; lastKnownFileType = sourcecode.swift; path = createUserViewController.swift; sourceTree = "<group>"; };
		AB49BBDC1F9F9FCC00BF2483 /* CryptoTrack.app */ = {isa = PBXFileReference; explicitFileType = wrapper.application; includeInIndex = 0; path = CryptoTrack.app; sourceTree = BUILT_PRODUCTS_DIR; };
		AB49BBDF1F9F9FCC00BF2483 /* AppDelegate.swift */ = {isa = PBXFileReference; lastKnownFileType = sourcecode.swift; path = AppDelegate.swift; sourceTree = "<group>"; };
		AB49BBE41F9F9FCC00BF2483 /* Base */ = {isa = PBXFileReference; lastKnownFileType = file.storyboard; name = Base; path = Base.lproj/Main.storyboard; sourceTree = "<group>"; };
		AB49BBE91F9F9FCC00BF2483 /* Assets.xcassets */ = {isa = PBXFileReference; lastKnownFileType = folder.assetcatalog; path = Assets.xcassets; sourceTree = "<group>"; };
		AB49BBEC1F9F9FCC00BF2483 /* Base */ = {isa = PBXFileReference; lastKnownFileType = file.storyboard; name = Base; path = Base.lproj/LaunchScreen.storyboard; sourceTree = "<group>"; };
		AB49BBEE1F9F9FCC00BF2483 /* Info.plist */ = {isa = PBXFileReference; lastKnownFileType = text.plist.xml; path = Info.plist; sourceTree = "<group>"; };
		AB584E3E1FCC8F63001A89FA /* SettingsViewController.swift */ = {isa = PBXFileReference; lastKnownFileType = sourcecode.swift; path = SettingsViewController.swift; sourceTree = "<group>"; };
		AB584E441FCCA8F6001A89FA /* QuickCryptoTableViewController.swift */ = {isa = PBXFileReference; lastKnownFileType = sourcecode.swift; path = QuickCryptoTableViewController.swift; sourceTree = "<group>"; };
		AB6E8E951FCDDC6A00A3B88E /* userCoin.swift */ = {isa = PBXFileReference; lastKnownFileType = sourcecode.swift; path = userCoin.swift; sourceTree = "<group>"; };
		AB6E8E971FCDEAFA00A3B88E /* GoogleService-Info.plist */ = {isa = PBXFileReference; fileEncoding = 4; lastKnownFileType = text.plist.xml; path = "GoogleService-Info.plist"; sourceTree = "<group>"; };
		AB6E8E991FCDF30700A3B88E /* DataStore.swift */ = {isa = PBXFileReference; lastKnownFileType = sourcecode.swift; path = DataStore.swift; sourceTree = "<group>"; };
		AB7E00A01FB8F29600C2EE3D /* userTableViewController.swift */ = {isa = PBXFileReference; lastKnownFileType = sourcecode.swift; path = userTableViewController.swift; sourceTree = "<group>"; };
		AB8A3D5D1FB0D51400AC6D3D /* CryptoCurrencyViewController.swift */ = {isa = PBXFileReference; lastKnownFileType = sourcecode.swift; path = CryptoCurrencyViewController.swift; sourceTree = "<group>"; };
		AB8A3D5F1FB0DD0E00AC6D3D /* formatCurrency.swift */ = {isa = PBXFileReference; lastKnownFileType = sourcecode.swift; path = formatCurrency.swift; sourceTree = "<group>"; };
		AB99B0AA1FCE5C4000BD0EFD /* cryptoValueTableViewCell.swift */ = {isa = PBXFileReference; lastKnownFileType = sourcecode.swift; path = cryptoValueTableViewCell.swift; sourceTree = "<group>"; };
		ABBF7B101FA7A03100190A15 /* CryptoTableViewController.swift */ = {isa = PBXFileReference; lastKnownFileType = sourcecode.swift; path = CryptoTableViewController.swift; sourceTree = "<group>"; };
		ABFD3F531FA7ADB200FB51C0 /* CryptoTableViewCell.swift */ = {isa = PBXFileReference; lastKnownFileType = sourcecode.swift; path = CryptoTableViewCell.swift; sourceTree = "<group>"; };
		D64E7F3B832B97C1154E45C0 /* Pods-CryptoTrack.release.xcconfig */ = {isa = PBXFileReference; includeInIndex = 1; lastKnownFileType = text.xcconfig; name = "Pods-CryptoTrack.release.xcconfig"; path = "Pods/Target Support Files/Pods-CryptoTrack/Pods-CryptoTrack.release.xcconfig"; sourceTree = "<group>"; };
		EC2DDE5518FB317B31C0CB7C /* Pods-CryptoTrack.debug.xcconfig */ = {isa = PBXFileReference; includeInIndex = 1; lastKnownFileType = text.xcconfig; name = "Pods-CryptoTrack.debug.xcconfig"; path = "Pods/Target Support Files/Pods-CryptoTrack/Pods-CryptoTrack.debug.xcconfig"; sourceTree = "<group>"; };
/* End PBXFileReference section */

/* Begin PBXFrameworksBuildPhase section */
		AB49BBD91F9F9FCC00BF2483 /* Frameworks */ = {
			isa = PBXFrameworksBuildPhase;
			buildActionMask = 2147483647;
			files = (
				7C9C2904882579358DB85DD3 /* Pods_CryptoTrack.framework in Frameworks */,
			);
			runOnlyForDeploymentPostprocessing = 0;
		};
/* End PBXFrameworksBuildPhase section */

/* Begin PBXGroup section */
		AB49BBD31F9F9FCC00BF2483 = {
			isa = PBXGroup;
			children = (
				AB49BBDE1F9F9FCC00BF2483 /* CryptoTrack */,
				AB49BBDD1F9F9FCC00BF2483 /* Products */,
				CF9947410C480487B2C0EA28 /* Pods */,
				ACC9E081F7F8216FD148F775 /* Frameworks */,
			);
			sourceTree = "<group>";
		};
		AB49BBDD1F9F9FCC00BF2483 /* Products */ = {
			isa = PBXGroup;
			children = (
				AB49BBDC1F9F9FCC00BF2483 /* CryptoTrack.app */,
			);
			name = Products;
			sourceTree = "<group>";
		};
		AB49BBDE1F9F9FCC00BF2483 /* CryptoTrack */ = {
			isa = PBXGroup;
			children = (
				AB49BBE31F9F9FCC00BF2483 /* Main.storyboard */,
				AB99B0AA1FCE5C4000BD0EFD /* cryptoValueTableViewCell.swift */,
				AB584E441FCCA8F6001A89FA /* QuickCryptoTableViewController.swift */,
				AB584E3E1FCC8F63001A89FA /* SettingsViewController.swift */,
				AB7E00A01FB8F29600C2EE3D /* userTableViewController.swift */,
				AB47F7FA1FB8E90500EAAD02 /* createUserViewController.swift */,
				ABBF7B101FA7A03100190A15 /* CryptoTableViewController.swift */,
				AB47F7B01FB638E600EAAD02 /* topPerformerTableViewCell.swift */,
				ABFD3F531FA7ADB200FB51C0 /* CryptoTableViewCell.swift */,
				AB8A3D5D1FB0D51400AC6D3D /* CryptoCurrencyViewController.swift */,
				AB6E8E991FCDF30700A3B88E /* DataStore.swift */,
				AB6E8E951FCDDC6A00A3B88E /* userCoin.swift */,
				AB8A3D5F1FB0DD0E00AC6D3D /* formatCurrency.swift */,
				AB49BBDF1F9F9FCC00BF2483 /* AppDelegate.swift */,
				45340E6C1FA8C57400AE36CA /* LoginViewController.swift */,
				AB49BBE91F9F9FCC00BF2483 /* Assets.xcassets */,
				AB49BBEB1F9F9FCC00BF2483 /* LaunchScreen.storyboard */,
				AB49BBEE1F9F9FCC00BF2483 /* Info.plist */,
				AB6E8E971FCDEAFA00A3B88E /* GoogleService-Info.plist */,
			);
			path = CryptoTrack;
			sourceTree = "<group>";
		};
		ACC9E081F7F8216FD148F775 /* Frameworks */ = {
			isa = PBXGroup;
			children = (
				287B7FA0748D713656D69C70 /* Pods_CryptoTrack.framework */,
			);
			name = Frameworks;
			sourceTree = "<group>";
		};
		CF9947410C480487B2C0EA28 /* Pods */ = {
			isa = PBXGroup;
			children = (
				EC2DDE5518FB317B31C0CB7C /* Pods-CryptoTrack.debug.xcconfig */,
				D64E7F3B832B97C1154E45C0 /* Pods-CryptoTrack.release.xcconfig */,
			);
			name = Pods;
			sourceTree = "<group>";
		};
/* End PBXGroup section */

/* Begin PBXNativeTarget section */
		AB49BBDB1F9F9FCC00BF2483 /* CryptoTrack */ = {
			isa = PBXNativeTarget;
			buildConfigurationList = AB49BBF11F9F9FCC00BF2483 /* Build configuration list for PBXNativeTarget "CryptoTrack" */;
			buildPhases = (
				3D22FD22B27E1C2323CC4FCB /* [CP] Check Pods Manifest.lock */,
				AB49BBD81F9F9FCC00BF2483 /* Sources */,
				AB49BBD91F9F9FCC00BF2483 /* Frameworks */,
				AB49BBDA1F9F9FCC00BF2483 /* Resources */,
				B0DD64583004CDD7BB083C09 /* [CP] Embed Pods Frameworks */,
				3238E310E1C9563A0F18245B /* [CP] Copy Pods Resources */,
			);
			buildRules = (
			);
			dependencies = (
			);
			name = CryptoTrack;
			productName = CryptoTrack;
			productReference = AB49BBDC1F9F9FCC00BF2483 /* CryptoTrack.app */;
			productType = "com.apple.product-type.application";
		};
/* End PBXNativeTarget section */

/* Begin PBXProject section */
		AB49BBD41F9F9FCC00BF2483 /* Project object */ = {
			isa = PBXProject;
			attributes = {
				LastSwiftUpdateCheck = 0900;
				LastUpgradeCheck = 0900;
				ORGANIZATIONNAME = "Jonathan Kizer";
				TargetAttributes = {
					AB49BBDB1F9F9FCC00BF2483 = {
						CreatedOnToolsVersion = 9.0.1;
						ProvisioningStyle = Automatic;
					};
				};
			};
			buildConfigurationList = AB49BBD71F9F9FCC00BF2483 /* Build configuration list for PBXProject "CryptoTrack" */;
			compatibilityVersion = "Xcode 8.0";
			developmentRegion = en;
			hasScannedForEncodings = 0;
			knownRegions = (
				en,
				Base,
			);
			mainGroup = AB49BBD31F9F9FCC00BF2483;
			productRefGroup = AB49BBDD1F9F9FCC00BF2483 /* Products */;
			projectDirPath = "";
			projectRoot = "";
			targets = (
				AB49BBDB1F9F9FCC00BF2483 /* CryptoTrack */,
			);
		};
/* End PBXProject section */

/* Begin PBXResourcesBuildPhase section */
		AB49BBDA1F9F9FCC00BF2483 /* Resources */ = {
			isa = PBXResourcesBuildPhase;
			buildActionMask = 2147483647;
			files = (
				AB49BBED1F9F9FCC00BF2483 /* LaunchScreen.storyboard in Resources */,
				AB6E8E981FCDEAFA00A3B88E /* GoogleService-Info.plist in Resources */,
				AB49BBEA1F9F9FCC00BF2483 /* Assets.xcassets in Resources */,
				AB49BBE51F9F9FCC00BF2483 /* Main.storyboard in Resources */,
			);
			runOnlyForDeploymentPostprocessing = 0;
		};
/* End PBXResourcesBuildPhase section */

/* Begin PBXShellScriptBuildPhase section */
		3238E310E1C9563A0F18245B /* [CP] Copy Pods Resources */ = {
			isa = PBXShellScriptBuildPhase;
			buildActionMask = 2147483647;
			files = (
			);
			inputPaths = (
			);
			name = "[CP] Copy Pods Resources";
			outputPaths = (
			);
			runOnlyForDeploymentPostprocessing = 0;
			shellPath = /bin/sh;
			shellScript = "\"${SRCROOT}/Pods/Target Support Files/Pods-CryptoTrack/Pods-CryptoTrack-resources.sh\"\n";
			showEnvVarsInLog = 0;
		};
		3D22FD22B27E1C2323CC4FCB /* [CP] Check Pods Manifest.lock */ = {
			isa = PBXShellScriptBuildPhase;
			buildActionMask = 2147483647;
			files = (
			);
			inputPaths = (
				"${PODS_PODFILE_DIR_PATH}/Podfile.lock",
				"${PODS_ROOT}/Manifest.lock",
			);
			name = "[CP] Check Pods Manifest.lock";
			outputPaths = (
				"$(DERIVED_FILE_DIR)/Pods-CryptoTrack-checkManifestLockResult.txt",
			);
			runOnlyForDeploymentPostprocessing = 0;
			shellPath = /bin/sh;
			shellScript = "diff \"${PODS_PODFILE_DIR_PATH}/Podfile.lock\" \"${PODS_ROOT}/Manifest.lock\" > /dev/null\nif [ $? != 0 ] ; then\n    # print error to STDERR\n    echo \"error: The sandbox is not in sync with the Podfile.lock. Run 'pod install' or update your CocoaPods installation.\" >&2\n    exit 1\nfi\n# This output is used by Xcode 'outputs' to avoid re-running this script phase.\necho \"SUCCESS\" > \"${SCRIPT_OUTPUT_FILE_0}\"\n";
			showEnvVarsInLog = 0;
		};
		B0DD64583004CDD7BB083C09 /* [CP] Embed Pods Frameworks */ = {
			isa = PBXShellScriptBuildPhase;
			buildActionMask = 2147483647;
			files = (
			);
			inputPaths = (
				"${SRCROOT}/Pods/Target Support Files/Pods-CryptoTrack/Pods-CryptoTrack-frameworks.sh",
				"${BUILT_PRODUCTS_DIR}/CryptoCurrencyKit/CryptoCurrencyKit.framework",
				"${BUILT_PRODUCTS_DIR}/GoogleToolboxForMac/GoogleToolboxForMac.framework",
				"${BUILT_PRODUCTS_DIR}/leveldb-library/leveldb.framework",
				"${BUILT_PRODUCTS_DIR}/nanopb/nanopb.framework",
			);
			name = "[CP] Embed Pods Frameworks";
			outputPaths = (
				"${TARGET_BUILD_DIR}/${FRAMEWORKS_FOLDER_PATH}/CryptoCurrencyKit.framework",
				"${TARGET_BUILD_DIR}/${FRAMEWORKS_FOLDER_PATH}/GoogleToolboxForMac.framework",
				"${TARGET_BUILD_DIR}/${FRAMEWORKS_FOLDER_PATH}/leveldb.framework",
				"${TARGET_BUILD_DIR}/${FRAMEWORKS_FOLDER_PATH}/nanopb.framework",
			);
			runOnlyForDeploymentPostprocessing = 0;
			shellPath = /bin/sh;
			shellScript = "\"${SRCROOT}/Pods/Target Support Files/Pods-CryptoTrack/Pods-CryptoTrack-frameworks.sh\"\n";
			showEnvVarsInLog = 0;
		};
/* End PBXShellScriptBuildPhase section */

/* Begin PBXSourcesBuildPhase section */
		AB49BBD81F9F9FCC00BF2483 /* Sources */ = {
			isa = PBXSourcesBuildPhase;
			buildActionMask = 2147483647;
			files = (
				ABBF7B111FA7A03100190A15 /* CryptoTableViewController.swift in Sources */,
				AB47F7B11FB638E600EAAD02 /* topPerformerTableViewCell.swift in Sources */,
				AB6E8E9A1FCDF30700A3B88E /* DataStore.swift in Sources */,
				AB584E3F1FCC8F63001A89FA /* SettingsViewController.swift in Sources */,
				AB99B0AB1FCE5C4000BD0EFD /* cryptoValueTableViewCell.swift in Sources */,
				AB47F7FB1FB8E90500EAAD02 /* createUserViewController.swift in Sources */,
				AB7E00A11FB8F29600C2EE3D /* userTableViewController.swift in Sources */,
				AB6E8E961FCDDC6A00A3B88E /* userCoin.swift in Sources */,
				ABFD3F541FA7ADB200FB51C0 /* CryptoTableViewCell.swift in Sources */,
				AB8A3D5E1FB0D51400AC6D3D /* CryptoCurrencyViewController.swift in Sources */,
				AB584E451FCCA8F6001A89FA /* QuickCryptoTableViewController.swift in Sources */,
				AB8A3D601FB0DD0E00AC6D3D /* formatCurrency.swift in Sources */,
				AB49BBE01F9F9FCC00BF2483 /* AppDelegate.swift in Sources */,
				45340E6D1FA8C57400AE36CA /* LoginViewController.swift in Sources */,
			);
			runOnlyForDeploymentPostprocessing = 0;
		};
/* End PBXSourcesBuildPhase section */

/* Begin PBXVariantGroup section */
		AB49BBE31F9F9FCC00BF2483 /* Main.storyboard */ = {
			isa = PBXVariantGroup;
			children = (
				AB49BBE41F9F9FCC00BF2483 /* Base */,
			);
			name = Main.storyboard;
			sourceTree = "<group>";
		};
		AB49BBEB1F9F9FCC00BF2483 /* LaunchScreen.storyboard */ = {
			isa = PBXVariantGroup;
			children = (
				AB49BBEC1F9F9FCC00BF2483 /* Base */,
			);
			name = LaunchScreen.storyboard;
			sourceTree = "<group>";
		};
/* End PBXVariantGroup section */

/* Begin XCBuildConfiguration section */
		AB49BBEF1F9F9FCC00BF2483 /* Debug */ = {
			isa = XCBuildConfiguration;
			buildSettings = {
				ALWAYS_SEARCH_USER_PATHS = NO;
				CLANG_ANALYZER_NONNULL = YES;
				CLANG_ANALYZER_NUMBER_OBJECT_CONVERSION = YES_AGGRESSIVE;
				CLANG_CXX_LANGUAGE_STANDARD = "gnu++14";
				CLANG_CXX_LIBRARY = "libc++";
				CLANG_ENABLE_MODULES = YES;
				CLANG_ENABLE_OBJC_ARC = YES;
				CLANG_WARN_BLOCK_CAPTURE_AUTORELEASING = YES;
				CLANG_WARN_BOOL_CONVERSION = YES;
				CLANG_WARN_COMMA = YES;
				CLANG_WARN_CONSTANT_CONVERSION = YES;
				CLANG_WARN_DIRECT_OBJC_ISA_USAGE = YES_ERROR;
				CLANG_WARN_DOCUMENTATION_COMMENTS = YES;
				CLANG_WARN_EMPTY_BODY = YES;
				CLANG_WARN_ENUM_CONVERSION = YES;
				CLANG_WARN_INFINITE_RECURSION = YES;
				CLANG_WARN_INT_CONVERSION = YES;
				CLANG_WARN_NON_LITERAL_NULL_CONVERSION = YES;
				CLANG_WARN_OBJC_LITERAL_CONVERSION = YES;
				CLANG_WARN_OBJC_ROOT_CLASS = YES_ERROR;
				CLANG_WARN_RANGE_LOOP_ANALYSIS = YES;
				CLANG_WARN_STRICT_PROTOTYPES = YES;
				CLANG_WARN_SUSPICIOUS_MOVE = YES;
				CLANG_WARN_UNGUARDED_AVAILABILITY = YES_AGGRESSIVE;
				CLANG_WARN_UNREACHABLE_CODE = YES;
				CLANG_WARN__DUPLICATE_METHOD_MATCH = YES;
				CODE_SIGN_IDENTITY = "iPhone Developer";
				COPY_PHASE_STRIP = NO;
				DEBUG_INFORMATION_FORMAT = dwarf;
				ENABLE_STRICT_OBJC_MSGSEND = YES;
				ENABLE_TESTABILITY = YES;
				FRAMEWORK_SEARCH_PATHS = "${TARGET_BUILD_DIR}/${FRAMEWORKS_FOLDER_PATH}/FBSDKCoreKit.framework/**";
				GCC_C_LANGUAGE_STANDARD = gnu11;
				GCC_DYNAMIC_NO_PIC = NO;
				GCC_NO_COMMON_BLOCKS = YES;
				GCC_OPTIMIZATION_LEVEL = 0;
				GCC_PREPROCESSOR_DEFINITIONS = (
					"DEBUG=1",
					"$(inherited)",
				);
				GCC_WARN_64_TO_32_BIT_CONVERSION = YES;
				GCC_WARN_ABOUT_RETURN_TYPE = YES_ERROR;
				GCC_WARN_UNDECLARED_SELECTOR = YES;
				GCC_WARN_UNINITIALIZED_AUTOS = YES_AGGRESSIVE;
				GCC_WARN_UNUSED_FUNCTION = YES;
				GCC_WARN_UNUSED_VARIABLE = YES;
				IPHONEOS_DEPLOYMENT_TARGET = 11.0;
				MTL_ENABLE_DEBUG_INFO = YES;
				ONLY_ACTIVE_ARCH = YES;
				SDKROOT = iphoneos;
				SWIFT_ACTIVE_COMPILATION_CONDITIONS = DEBUG;
				SWIFT_OPTIMIZATION_LEVEL = "-Onone";
			};
			name = Debug;
		};
		AB49BBF01F9F9FCC00BF2483 /* Release */ = {
			isa = XCBuildConfiguration;
			buildSettings = {
				ALWAYS_SEARCH_USER_PATHS = NO;
				CLANG_ANALYZER_NONNULL = YES;
				CLANG_ANALYZER_NUMBER_OBJECT_CONVERSION = YES_AGGRESSIVE;
				CLANG_CXX_LANGUAGE_STANDARD = "gnu++14";
				CLANG_CXX_LIBRARY = "libc++";
				CLANG_ENABLE_MODULES = YES;
				CLANG_ENABLE_OBJC_ARC = YES;
				CLANG_WARN_BLOCK_CAPTURE_AUTORELEASING = YES;
				CLANG_WARN_BOOL_CONVERSION = YES;
				CLANG_WARN_COMMA = YES;
				CLANG_WARN_CONSTANT_CONVERSION = YES;
				CLANG_WARN_DIRECT_OBJC_ISA_USAGE = YES_ERROR;
				CLANG_WARN_DOCUMENTATION_COMMENTS = YES;
				CLANG_WARN_EMPTY_BODY = YES;
				CLANG_WARN_ENUM_CONVERSION = YES;
				CLANG_WARN_INFINITE_RECURSION = YES;
				CLANG_WARN_INT_CONVERSION = YES;
				CLANG_WARN_NON_LITERAL_NULL_CONVERSION = YES;
				CLANG_WARN_OBJC_LITERAL_CONVERSION = YES;
				CLANG_WARN_OBJC_ROOT_CLASS = YES_ERROR;
				CLANG_WARN_RANGE_LOOP_ANALYSIS = YES;
				CLANG_WARN_STRICT_PROTOTYPES = YES;
				CLANG_WARN_SUSPICIOUS_MOVE = YES;
				CLANG_WARN_UNGUARDED_AVAILABILITY = YES_AGGRESSIVE;
				CLANG_WARN_UNREACHABLE_CODE = YES;
				CLANG_WARN__DUPLICATE_METHOD_MATCH = YES;
				CODE_SIGN_IDENTITY = "iPhone Developer";
				COPY_PHASE_STRIP = NO;
				DEBUG_INFORMATION_FORMAT = "dwarf-with-dsym";
				ENABLE_NS_ASSERTIONS = NO;
				ENABLE_STRICT_OBJC_MSGSEND = YES;
				FRAMEWORK_SEARCH_PATHS = "${TARGET_BUILD_DIR}/${FRAMEWORKS_FOLDER_PATH}/FBSDKCoreKit.framework/**";
				GCC_C_LANGUAGE_STANDARD = gnu11;
				GCC_NO_COMMON_BLOCKS = YES;
				GCC_WARN_64_TO_32_BIT_CONVERSION = YES;
				GCC_WARN_ABOUT_RETURN_TYPE = YES_ERROR;
				GCC_WARN_UNDECLARED_SELECTOR = YES;
				GCC_WARN_UNINITIALIZED_AUTOS = YES_AGGRESSIVE;
				GCC_WARN_UNUSED_FUNCTION = YES;
				GCC_WARN_UNUSED_VARIABLE = YES;
				IPHONEOS_DEPLOYMENT_TARGET = 11.0;
				MTL_ENABLE_DEBUG_INFO = NO;
				SDKROOT = iphoneos;
				SWIFT_OPTIMIZATION_LEVEL = "-Owholemodule";
				VALIDATE_PRODUCT = YES;
			};
			name = Release;
		};
		AB49BBF21F9F9FCC00BF2483 /* Debug */ = {
			isa = XCBuildConfiguration;
			baseConfigurationReference = EC2DDE5518FB317B31C0CB7C /* Pods-CryptoTrack.debug.xcconfig */;
			buildSettings = {
				ASSETCATALOG_COMPILER_APPICON_NAME = AppIcon;
				CODE_SIGN_STYLE = Automatic;
				DEVELOPMENT_TEAM = 8QDNBA629H;
				INFOPLIST_FILE = CryptoTrack/Info.plist;
				LD_RUNPATH_SEARCH_PATHS = "$(inherited) @executable_path/Frameworks";
				PRODUCT_BUNDLE_IDENTIFIER = csUTAustin.CryptoTrack;
				PRODUCT_NAME = "$(TARGET_NAME)";
				SWIFT_VERSION = 4.0;
				TARGETED_DEVICE_FAMILY = "1,2";
			};
			name = Debug;
		};
		AB49BBF31F9F9FCC00BF2483 /* Release */ = {
			isa = XCBuildConfiguration;
			baseConfigurationReference = D64E7F3B832B97C1154E45C0 /* Pods-CryptoTrack.release.xcconfig */;
			buildSettings = {
				ASSETCATALOG_COMPILER_APPICON_NAME = AppIcon;
				CODE_SIGN_STYLE = Automatic;
				DEVELOPMENT_TEAM = 8QDNBA629H;
				INFOPLIST_FILE = CryptoTrack/Info.plist;
				LD_RUNPATH_SEARCH_PATHS = "$(inherited) @executable_path/Frameworks";
				PRODUCT_BUNDLE_IDENTIFIER = csUTAustin.CryptoTrack;
				PRODUCT_NAME = "$(TARGET_NAME)";
				SWIFT_VERSION = 4.0;
				TARGETED_DEVICE_FAMILY = "1,2";
			};
			name = Release;
		};
/* End XCBuildConfiguration section */

/* Begin XCConfigurationList section */
		AB49BBD71F9F9FCC00BF2483 /* Build configuration list for PBXProject "CryptoTrack" */ = {
			isa = XCConfigurationList;
			buildConfigurations = (
				AB49BBEF1F9F9FCC00BF2483 /* Debug */,
				AB49BBF01F9F9FCC00BF2483 /* Release */,
			);
			defaultConfigurationIsVisible = 0;
			defaultConfigurationName = Release;
		};
		AB49BBF11F9F9FCC00BF2483 /* Build configuration list for PBXNativeTarget "CryptoTrack" */ = {
			isa = XCConfigurationList;
			buildConfigurations = (
				AB49BBF21F9F9FCC00BF2483 /* Debug */,
				AB49BBF31F9F9FCC00BF2483 /* Release */,
			);
			defaultConfigurationIsVisible = 0;
			defaultConfigurationName = Release;
		};
/* End XCConfigurationList section */
	};
	rootObject = AB49BBD41F9F9FCC00BF2483 /* Project object */;
}
